
Microsoft Visual Studio Solution File, Format Version 12.00
# Visual Studio Version 17
VisualStudioVersion = 17.5.33414.496
MinimumVisualStudioVersion = 10.0.40219.1
Project("{FAE04EC0-301F-11D3-BF4B-00C04F79EFBC}") = "eTickets", "eTickets\eTickets.csproj", "{BB31A909-1BC9-48FF-8A07-599EF45B3EED}"
EndProject
Global
	GlobalSection(SolutionConfigurationPlatforms) = preSolution
		Debug|Any CPU = Debug|Any CPU
		Release|Any CPU = Release|Any CPU
	EndGlobalSection
	GlobalSection(ProjectConfigurationPlatforms) = postSolution
		{BB31A909-1BC9-48FF-8A07-599EF45B3EED}.Debug|Any CPU.ActiveCfg = Debug|Any CPU
		{BB31A909-1BC9-48FF-8A07-599EF45B3EED}.Debug|Any CPU.Build.0 = Debug|Any CPU
		{BB31A909-1BC9-48FF-8A07-599EF45B3EED}.Release|Any CPU.ActiveCfg = Release|Any CPU
		{BB31A909-1BC9-48FF-8A07-599EF45B3EED}.Release|Any CPU.Build.0 = Release|Any CPU
	EndGlobalSection
	GlobalSection(SolutionProperties) = preSolution
		HideSolutionNode = FALSE
	EndGlobalSection
	GlobalSection(ExtensibilityGlobals) = postSolution
		SolutionGuid = {B10FEB6D-9C38-4757-BE34-288A55F191CC}
	EndGlobalSection
EndGlobal
